// !$*UTF8*$!
{
	archiveVersion = 1;
	classes = {
	};
	objectVersion = 51;
	objects = {

/* Begin PBXBuildFile section */
		43719CFE52EC974288EBC56F /* Pods_EATR.framework in Frameworks */ = {isa = PBXBuildFile; fileRef = 6EF62A2257E3F0BC2768DEA0 /* Pods_EATR.framework */; };
		4B15584D2506B14F0091E93E /* SignUpViewController.swift in Sources */ = {isa = PBXBuildFile; fileRef = 4B15584C2506B14F0091E93E /* SignUpViewController.swift */; };
		4B15584F2506B3B10091E93E /* User.swift in Sources */ = {isa = PBXBuildFile; fileRef = 4B15584E2506B3B10091E93E /* User.swift */; };
		4B1558512506B4C40091E93E /* UserController.swift in Sources */ = {isa = PBXBuildFile; fileRef = 4B1558502506B4C40091E93E /* UserController.swift */; };
		4B473A9F25127521004C30FC /* Review.swift in Sources */ = {isa = PBXBuildFile; fileRef = 4B473A9E25127521004C30FC /* Review.swift */; };
		4B473AA12512757B004C30FC /* ReviewController.swift in Sources */ = {isa = PBXBuildFile; fileRef = 4B473AA02512757B004C30FC /* ReviewController.swift */; };
		4B49C2AC25085B0600D4BCA5 /* YelpService.swift in Sources */ = {isa = PBXBuildFile; fileRef = 4B49C2AB25085B0600D4BCA5 /* YelpService.swift */; };
		4B91BAC6250AB26C00B83FDB /* Validation.swift in Sources */ = {isa = PBXBuildFile; fileRef = 4B91BAC5250AB26C00B83FDB /* Validation.swift */; };
		4B93970D250927F70081256C /* Restaurant.swift in Sources */ = {isa = PBXBuildFile; fileRef = 4B93970C250927F70081256C /* Restaurant.swift */; };
		4B93970F25093E690081256C /* RestaurantListTableViewController.swift in Sources */ = {isa = PBXBuildFile; fileRef = 4B93970E25093E690081256C /* RestaurantListTableViewController.swift */; };
		4B9397122509416F0081256C /* RestaurantTableViewCell.swift in Sources */ = {isa = PBXBuildFile; fileRef = 4B9397112509416F0081256C /* RestaurantTableViewCell.swift */; };
		4B939714250956020081256C /* RestaurantController.swift in Sources */ = {isa = PBXBuildFile; fileRef = 4B939713250956020081256C /* RestaurantController.swift */; };
		4B9397162509588E0081256C /* NetworkError.swift in Sources */ = {isa = PBXBuildFile; fileRef = 4B9397152509588E0081256C /* NetworkError.swift */; };
		4B93971825096D140081256C /* Location.swift in Sources */ = {isa = PBXBuildFile; fileRef = 4B93971725096D140081256C /* Location.swift */; };
		4BA1AC37250ACE1D00AB1FE8 /* AccountViewController.swift in Sources */ = {isa = PBXBuildFile; fileRef = 4BA1AC36250ACE1D00AB1FE8 /* AccountViewController.swift */; };
		4BA3E54C250C2B23009363DC /* FavoriteRestaurantTableViewCell.swift in Sources */ = {isa = PBXBuildFile; fileRef = 4BA3E54B250C2B23009363DC /* FavoriteRestaurantTableViewCell.swift */; };
		4BAAFF55251271DD0060D091 /* ReviewViewController.swift in Sources */ = {isa = PBXBuildFile; fileRef = 4BAAFF54251271DD0060D091 /* ReviewViewController.swift */; };
		4BAAFF57251272040060D091 /* ReviewTableViewCell.swift in Sources */ = {isa = PBXBuildFile; fileRef = 4BAAFF56251272040060D091 /* ReviewTableViewCell.swift */; };
		4BB85F382506A25600D106CC /* AppDelegate.swift in Sources */ = {isa = PBXBuildFile; fileRef = 4BB85F372506A25600D106CC /* AppDelegate.swift */; };
		4BB85F3A2506A25600D106CC /* SceneDelegate.swift in Sources */ = {isa = PBXBuildFile; fileRef = 4BB85F392506A25600D106CC /* SceneDelegate.swift */; };
		4BB85F3F2506A25600D106CC /* Main.storyboard in Resources */ = {isa = PBXBuildFile; fileRef = 4BB85F3D2506A25600D106CC /* Main.storyboard */; };
		4BB85F412506A25800D106CC /* Assets.xcassets in Resources */ = {isa = PBXBuildFile; fileRef = 4BB85F402506A25800D106CC /* Assets.xcassets */; };
		4BB85F442506A25800D106CC /* LaunchScreen.storyboard in Resources */ = {isa = PBXBuildFile; fileRef = 4BB85F422506A25800D106CC /* LaunchScreen.storyboard */; };
		4BB85F532506A40A00D106CC /* GoogleService-Info.plist in Resources */ = {isa = PBXBuildFile; fileRef = 4BB85F522506A40A00D106CC /* GoogleService-Info.plist */; };
/* End PBXBuildFile section */

/* Begin PBXFileReference section */
		11AF9B7420AF1FD199DAED0D /* Pods-EATR.release.xcconfig */ = {isa = PBXFileReference; includeInIndex = 1; lastKnownFileType = text.xcconfig; name = "Pods-EATR.release.xcconfig"; path = "Target Support Files/Pods-EATR/Pods-EATR.release.xcconfig"; sourceTree = "<group>"; };
		4B15584C2506B14F0091E93E /* SignUpViewController.swift */ = {isa = PBXFileReference; lastKnownFileType = sourcecode.swift; path = SignUpViewController.swift; sourceTree = "<group>"; };
		4B15584E2506B3B10091E93E /* User.swift */ = {isa = PBXFileReference; lastKnownFileType = sourcecode.swift; path = User.swift; sourceTree = "<group>"; };
		4B1558502506B4C40091E93E /* UserController.swift */ = {isa = PBXFileReference; lastKnownFileType = sourcecode.swift; path = UserController.swift; sourceTree = "<group>"; };
		4B473A9E25127521004C30FC /* Review.swift */ = {isa = PBXFileReference; lastKnownFileType = sourcecode.swift; path = Review.swift; sourceTree = "<group>"; };
		4B473AA02512757B004C30FC /* ReviewController.swift */ = {isa = PBXFileReference; lastKnownFileType = sourcecode.swift; path = ReviewController.swift; sourceTree = "<group>"; };
		4B49C2AB25085B0600D4BCA5 /* YelpService.swift */ = {isa = PBXFileReference; lastKnownFileType = sourcecode.swift; path = YelpService.swift; sourceTree = "<group>"; };
		4B65B1342506FB0700F4B6D4 /* EATR.entitlements */ = {isa = PBXFileReference; lastKnownFileType = text.plist.entitlements; path = EATR.entitlements; sourceTree = "<group>"; };
		4B91BAC5250AB26C00B83FDB /* Validation.swift */ = {isa = PBXFileReference; lastKnownFileType = sourcecode.swift; path = Validation.swift; sourceTree = "<group>"; };
		4B93970C250927F70081256C /* Restaurant.swift */ = {isa = PBXFileReference; lastKnownFileType = sourcecode.swift; path = Restaurant.swift; sourceTree = "<group>"; };
		4B93970E25093E690081256C /* RestaurantListTableViewController.swift */ = {isa = PBXFileReference; lastKnownFileType = sourcecode.swift; path = RestaurantListTableViewController.swift; sourceTree = "<group>"; };
		4B9397112509416F0081256C /* RestaurantTableViewCell.swift */ = {isa = PBXFileReference; lastKnownFileType = sourcecode.swift; path = RestaurantTableViewCell.swift; sourceTree = "<group>"; };
		4B939713250956020081256C /* RestaurantController.swift */ = {isa = PBXFileReference; lastKnownFileType = sourcecode.swift; path = RestaurantController.swift; sourceTree = "<group>"; };
		4B9397152509588E0081256C /* NetworkError.swift */ = {isa = PBXFileReference; lastKnownFileType = sourcecode.swift; path = NetworkError.swift; sourceTree = "<group>"; };
		4B93971725096D140081256C /* Location.swift */ = {isa = PBXFileReference; lastKnownFileType = sourcecode.swift; path = Location.swift; sourceTree = "<group>"; };
		4BA1AC36250ACE1D00AB1FE8 /* AccountViewController.swift */ = {isa = PBXFileReference; lastKnownFileType = sourcecode.swift; path = AccountViewController.swift; sourceTree = "<group>"; };
		4BA3E54B250C2B23009363DC /* FavoriteRestaurantTableViewCell.swift */ = {isa = PBXFileReference; lastKnownFileType = sourcecode.swift; path = FavoriteRestaurantTableViewCell.swift; sourceTree = "<group>"; };
		4BAAFF54251271DD0060D091 /* ReviewViewController.swift */ = {isa = PBXFileReference; lastKnownFileType = sourcecode.swift; path = ReviewViewController.swift; sourceTree = "<group>"; };
		4BAAFF56251272040060D091 /* ReviewTableViewCell.swift */ = {isa = PBXFileReference; lastKnownFileType = sourcecode.swift; path = ReviewTableViewCell.swift; sourceTree = "<group>"; };
		4BB85F342506A25600D106CC /* EATR.app */ = {isa = PBXFileReference; explicitFileType = wrapper.application; includeInIndex = 0; path = EATR.app; sourceTree = BUILT_PRODUCTS_DIR; };
		4BB85F372506A25600D106CC /* AppDelegate.swift */ = {isa = PBXFileReference; lastKnownFileType = sourcecode.swift; path = AppDelegate.swift; sourceTree = "<group>"; };
		4BB85F392506A25600D106CC /* SceneDelegate.swift */ = {isa = PBXFileReference; lastKnownFileType = sourcecode.swift; path = SceneDelegate.swift; sourceTree = "<group>"; };
		4BB85F3E2506A25600D106CC /* Base */ = {isa = PBXFileReference; lastKnownFileType = file.storyboard; name = Base; path = Base.lproj/Main.storyboard; sourceTree = "<group>"; };
		4BB85F402506A25800D106CC /* Assets.xcassets */ = {isa = PBXFileReference; lastKnownFileType = folder.assetcatalog; path = Assets.xcassets; sourceTree = "<group>"; };
		4BB85F432506A25800D106CC /* Base */ = {isa = PBXFileReference; lastKnownFileType = file.storyboard; name = Base; path = Base.lproj/LaunchScreen.storyboard; sourceTree = "<group>"; };
		4BB85F452506A25800D106CC /* Info.plist */ = {isa = PBXFileReference; lastKnownFileType = text.plist.xml; path = Info.plist; sourceTree = "<group>"; };
		4BB85F522506A40A00D106CC /* GoogleService-Info.plist */ = {isa = PBXFileReference; fileEncoding = 4; lastKnownFileType = text.plist.xml; path = "GoogleService-Info.plist"; sourceTree = "<group>"; };
		6EF62A2257E3F0BC2768DEA0 /* Pods_EATR.framework */ = {isa = PBXFileReference; explicitFileType = wrapper.framework; includeInIndex = 0; path = Pods_EATR.framework; sourceTree = BUILT_PRODUCTS_DIR; };
		AAB217A3EB3177F6D0BDA95A /* Pods-EATR.debug.xcconfig */ = {isa = PBXFileReference; includeInIndex = 1; lastKnownFileType = text.xcconfig; name = "Pods-EATR.debug.xcconfig"; path = "Target Support Files/Pods-EATR/Pods-EATR.debug.xcconfig"; sourceTree = "<group>"; };
/* End PBXFileReference section */

/* Begin PBXFrameworksBuildPhase section */
		4BB85F312506A25600D106CC /* Frameworks */ = {
			isa = PBXFrameworksBuildPhase;
			buildActionMask = 2147483647;
			files = (
				43719CFE52EC974288EBC56F /* Pods_EATR.framework in Frameworks */,
			);
			runOnlyForDeploymentPostprocessing = 0;
		};
/* End PBXFrameworksBuildPhase section */

/* Begin PBXGroup section */
		27A923F26DD7EBB72208FEA7 /* Pods */ = {
			isa = PBXGroup;
			children = (
				AAB217A3EB3177F6D0BDA95A /* Pods-EATR.debug.xcconfig */,
				11AF9B7420AF1FD199DAED0D /* Pods-EATR.release.xcconfig */,
			);
			path = Pods;
			sourceTree = "<group>";
		};
		4B65B12F2506D70100F4B6D4 /* Helpers+Extensions */ = {
			isa = PBXGroup;
			children = (
				4B49C2AB25085B0600D4BCA5 /* YelpService.swift */,
				4B9397152509588E0081256C /* NetworkError.swift */,
				4B91BAC5250AB26C00B83FDB /* Validation.swift */,
			);
			path = "Helpers+Extensions";
			sourceTree = "<group>";
		};
		4B93971025093E9B0081256C /* CustomCells */ = {
			isa = PBXGroup;
			children = (
				4B9397112509416F0081256C /* RestaurantTableViewCell.swift */,
				4BA3E54B250C2B23009363DC /* FavoriteRestaurantTableViewCell.swift */,
				4BAAFF56251272040060D091 /* ReviewTableViewCell.swift */,
			);
			path = CustomCells;
			sourceTree = "<group>";
		};
		4BB85F2B2506A25600D106CC = {
			isa = PBXGroup;
			children = (
				4BB85F362506A25600D106CC /* EATR */,
				4BB85F352506A25600D106CC /* Products */,
				27A923F26DD7EBB72208FEA7 /* Pods */,
				FE0E61713881D5A5DF90D13F /* Frameworks */,
			);
			sourceTree = "<group>";
		};
		4BB85F352506A25600D106CC /* Products */ = {
			isa = PBXGroup;
			children = (
				4BB85F342506A25600D106CC /* EATR.app */,
			);
			name = Products;
			sourceTree = "<group>";
		};
		4BB85F362506A25600D106CC /* EATR */ = {
			isa = PBXGroup;
			children = (
				4B65B1342506FB0700F4B6D4 /* EATR.entitlements */,
				4BB85F4C2506A29F00D106CC /* Models */,
				4BB85F4D2506A2A900D106CC /* Views */,
				4BB85F4E2506A2AF00D106CC /* Controllers */,
				4B65B12F2506D70100F4B6D4 /* Helpers+Extensions */,
				4BB85F4B2506A26800D106CC /* Resources */,
			);
			path = EATR;
			sourceTree = "<group>";
		};
		4BB85F4B2506A26800D106CC /* Resources */ = {
			isa = PBXGroup;
			children = (
				4BB85F372506A25600D106CC /* AppDelegate.swift */,
				4BB85F392506A25600D106CC /* SceneDelegate.swift */,
				4BB85F402506A25800D106CC /* Assets.xcassets */,
				4BB85F422506A25800D106CC /* LaunchScreen.storyboard */,
				4BB85F452506A25800D106CC /* Info.plist */,
				4BB85F522506A40A00D106CC /* GoogleService-Info.plist */,
			);
			path = Resources;
			sourceTree = "<group>";
		};
		4BB85F4C2506A29F00D106CC /* Models */ = {
			isa = PBXGroup;
			children = (
				4B15584E2506B3B10091E93E /* User.swift */,
				4B93970C250927F70081256C /* Restaurant.swift */,
				4B93971725096D140081256C /* Location.swift */,
				4B473A9E25127521004C30FC /* Review.swift */,
			);
			path = Models;
			sourceTree = "<group>";
		};
		4BB85F4D2506A2A900D106CC /* Views */ = {
			isa = PBXGroup;
			children = (
				4B93971025093E9B0081256C /* CustomCells */,
				4BB85F4F2506A2CB00D106CC /* Storyboards */,
			);
			path = Views;
			sourceTree = "<group>";
		};
		4BB85F4E2506A2AF00D106CC /* Controllers */ = {
			isa = PBXGroup;
			children = (
				4BB85F512506A2F000D106CC /* ModelControllers */,
				4BB85F502506A2E900D106CC /* ViewControllers */,
			);
			path = Controllers;
			sourceTree = "<group>";
		};
		4BB85F4F2506A2CB00D106CC /* Storyboards */ = {
			isa = PBXGroup;
			children = (
				4BB85F3D2506A25600D106CC /* Main.storyboard */,
			);
			path = Storyboards;
			sourceTree = "<group>";
		};
		4BB85F502506A2E900D106CC /* ViewControllers */ = {
			isa = PBXGroup;
			children = (
				4B15584C2506B14F0091E93E /* SignUpViewController.swift */,
				4B93970E25093E690081256C /* RestaurantListTableViewController.swift */,
				4BA1AC36250ACE1D00AB1FE8 /* AccountViewController.swift */,
				4BAAFF54251271DD0060D091 /* ReviewViewController.swift */,
			);
			path = ViewControllers;
			sourceTree = "<group>";
		};
		4BB85F512506A2F000D106CC /* ModelControllers */ = {
			isa = PBXGroup;
			children = (
				4B1558502506B4C40091E93E /* UserController.swift */,
				4B939713250956020081256C /* RestaurantController.swift */,
				4B473AA02512757B004C30FC /* ReviewController.swift */,
			);
			path = ModelControllers;
			sourceTree = "<group>";
		};
		FE0E61713881D5A5DF90D13F /* Frameworks */ = {
			isa = PBXGroup;
			children = (
				6EF62A2257E3F0BC2768DEA0 /* Pods_EATR.framework */,
			);
			name = Frameworks;
			sourceTree = "<group>";
		};
/* End PBXGroup section */

/* Begin PBXNativeTarget section */
		4BB85F332506A25600D106CC /* EATR */ = {
			isa = PBXNativeTarget;
			buildConfigurationList = 4BB85F482506A25800D106CC /* Build configuration list for PBXNativeTarget "EATR" */;
			buildPhases = (
				DAA52FE579D44D070CCEC6F8 /* [CP] Check Pods Manifest.lock */,
				4BB85F302506A25600D106CC /* Sources */,
				4BB85F312506A25600D106CC /* Frameworks */,
				4BB85F322506A25600D106CC /* Resources */,
				0339DD7EC587CAE46273B3D8 /* [CP] Embed Pods Frameworks */,
			);
			buildRules = (
			);
			dependencies = (
			);
			name = EATR;
			productName = EATR;
			productReference = 4BB85F342506A25600D106CC /* EATR.app */;
			productType = "com.apple.product-type.application";
		};
/* End PBXNativeTarget section */

/* Begin PBXProject section */
		4BB85F2C2506A25600D106CC /* Project object */ = {
			isa = PBXProject;
			attributes = {
				LastSwiftUpdateCheck = 1170;
				LastUpgradeCheck = 1170;
				ORGANIZATIONNAME = "Ian Becker";
				TargetAttributes = {
					4BB85F332506A25600D106CC = {
						CreatedOnToolsVersion = 11.7;
					};
				};
			};
			buildConfigurationList = 4BB85F2F2506A25600D106CC /* Build configuration list for PBXProject "EATR" */;
			compatibilityVersion = "Xcode 9.3";
			developmentRegion = en;
			hasScannedForEncodings = 0;
			knownRegions = (
				en,
				Base,
			);
			mainGroup = 4BB85F2B2506A25600D106CC;
			productRefGroup = 4BB85F352506A25600D106CC /* Products */;
			projectDirPath = "";
			projectRoot = "";
			targets = (
				4BB85F332506A25600D106CC /* EATR */,
			);
		};
/* End PBXProject section */

/* Begin PBXResourcesBuildPhase section */
		4BB85F322506A25600D106CC /* Resources */ = {
			isa = PBXResourcesBuildPhase;
			buildActionMask = 2147483647;
			files = (
				4BB85F442506A25800D106CC /* LaunchScreen.storyboard in Resources */,
				4BB85F532506A40A00D106CC /* GoogleService-Info.plist in Resources */,
				4BB85F412506A25800D106CC /* Assets.xcassets in Resources */,
				4BB85F3F2506A25600D106CC /* Main.storyboard in Resources */,
			);
			runOnlyForDeploymentPostprocessing = 0;
		};
/* End PBXResourcesBuildPhase section */

/* Begin PBXShellScriptBuildPhase section */
		0339DD7EC587CAE46273B3D8 /* [CP] Embed Pods Frameworks */ = {
			isa = PBXShellScriptBuildPhase;
			buildActionMask = 2147483647;
			files = (
			);
			inputFileListPaths = (
				"${PODS_ROOT}/Target Support Files/Pods-EATR/Pods-EATR-frameworks-${CONFIGURATION}-input-files.xcfilelist",
			);
			name = "[CP] Embed Pods Frameworks";
			outputFileListPaths = (
				"${PODS_ROOT}/Target Support Files/Pods-EATR/Pods-EATR-frameworks-${CONFIGURATION}-output-files.xcfilelist",
			);
			runOnlyForDeploymentPostprocessing = 0;
			shellPath = /bin/sh;
			shellScript = "\"${PODS_ROOT}/Target Support Files/Pods-EATR/Pods-EATR-frameworks.sh\"\n";
			showEnvVarsInLog = 0;
		};
		DAA52FE579D44D070CCEC6F8 /* [CP] Check Pods Manifest.lock */ = {
			isa = PBXShellScriptBuildPhase;
			buildActionMask = 2147483647;
			files = (
			);
			inputFileListPaths = (
			);
			inputPaths = (
				"${PODS_PODFILE_DIR_PATH}/Podfile.lock",
				"${PODS_ROOT}/Manifest.lock",
			);
			name = "[CP] Check Pods Manifest.lock";
			outputFileListPaths = (
			);
			outputPaths = (
				"$(DERIVED_FILE_DIR)/Pods-EATR-checkManifestLockResult.txt",
			);
			runOnlyForDeploymentPostprocessing = 0;
			shellPath = /bin/sh;
			shellScript = "diff \"${PODS_PODFILE_DIR_PATH}/Podfile.lock\" \"${PODS_ROOT}/Manifest.lock\" > /dev/null\nif [ $? != 0 ] ; then\n    # print error to STDERR\n    echo \"error: The sandbox is not in sync with the Podfile.lock. Run 'pod install' or update your CocoaPods installation.\" >&2\n    exit 1\nfi\n# This output is used by Xcode 'outputs' to avoid re-running this script phase.\necho \"SUCCESS\" > \"${SCRIPT_OUTPUT_FILE_0}\"\n";
			showEnvVarsInLog = 0;
		};
/* End PBXShellScriptBuildPhase section */

/* Begin PBXSourcesBuildPhase section */
		4BB85F302506A25600D106CC /* Sources */ = {
			isa = PBXSourcesBuildPhase;
			buildActionMask = 2147483647;
			files = (
				4B15584F2506B3B10091E93E /* User.swift in Sources */,
				4B15584D2506B14F0091E93E /* SignUpViewController.swift in Sources */,
				4B473AA12512757B004C30FC /* ReviewController.swift in Sources */,
				4BA1AC37250ACE1D00AB1FE8 /* AccountViewController.swift in Sources */,
				4BA3E54C250C2B23009363DC /* FavoriteRestaurantTableViewCell.swift in Sources */,
				4B1558512506B4C40091E93E /* UserController.swift in Sources */,
				4B93970D250927F70081256C /* Restaurant.swift in Sources */,
				4BAAFF55251271DD0060D091 /* ReviewViewController.swift in Sources */,
				4B91BAC6250AB26C00B83FDB /* Validation.swift in Sources */,
				4B939714250956020081256C /* RestaurantController.swift in Sources */,
				4BB85F382506A25600D106CC /* AppDelegate.swift in Sources */,
				4BB85F3A2506A25600D106CC /* SceneDelegate.swift in Sources */,
				4B473A9F25127521004C30FC /* Review.swift in Sources */,
				4B93970F25093E690081256C /* RestaurantListTableViewController.swift in Sources */,
				4B9397122509416F0081256C /* RestaurantTableViewCell.swift in Sources */,
				4B9397162509588E0081256C /* NetworkError.swift in Sources */,
				4BAAFF57251272040060D091 /* ReviewTableViewCell.swift in Sources */,
				4B93971825096D140081256C /* Location.swift in Sources */,
				4B49C2AC25085B0600D4BCA5 /* YelpService.swift in Sources */,
			);
			runOnlyForDeploymentPostprocessing = 0;
		};
/* End PBXSourcesBuildPhase section */

/* Begin PBXVariantGroup section */
		4BB85F3D2506A25600D106CC /* Main.storyboard */ = {
			isa = PBXVariantGroup;
			children = (
				4BB85F3E2506A25600D106CC /* Base */,
			);
			name = Main.storyboard;
			sourceTree = "<group>";
		};
		4BB85F422506A25800D106CC /* LaunchScreen.storyboard */ = {
			isa = PBXVariantGroup;
			children = (
				4BB85F432506A25800D106CC /* Base */,
			);
			name = LaunchScreen.storyboard;
			sourceTree = "<group>";
		};
/* End PBXVariantGroup section */

/* Begin XCBuildConfiguration section */
		4BB85F462506A25800D106CC /* Debug */ = {
			isa = XCBuildConfiguration;
			buildSettings = {
				ALWAYS_SEARCH_USER_PATHS = NO;
				CLANG_ANALYZER_NONNULL = YES;
				CLANG_ANALYZER_NUMBER_OBJECT_CONVERSION = YES_AGGRESSIVE;
				CLANG_CXX_LANGUAGE_STANDARD = "gnu++14";
				CLANG_CXX_LIBRARY = "libc++";
				CLANG_ENABLE_MODULES = YES;
				CLANG_ENABLE_OBJC_ARC = YES;
				CLANG_ENABLE_OBJC_WEAK = YES;
				CLANG_WARN_BLOCK_CAPTURE_AUTORELEASING = YES;
				CLANG_WARN_BOOL_CONVERSION = YES;
				CLANG_WARN_COMMA = YES;
				CLANG_WARN_CONSTANT_CONVERSION = YES;
				CLANG_WARN_DEPRECATED_OBJC_IMPLEMENTATIONS = YES;
				CLANG_WARN_DIRECT_OBJC_ISA_USAGE = YES_ERROR;
				CLANG_WARN_DOCUMENTATION_COMMENTS = YES;
				CLANG_WARN_EMPTY_BODY = YES;
				CLANG_WARN_ENUM_CONVERSION = YES;
				CLANG_WARN_INFINITE_RECURSION = YES;
				CLANG_WARN_INT_CONVERSION = YES;
				CLANG_WARN_NON_LITERAL_NULL_CONVERSION = YES;
				CLANG_WARN_OBJC_IMPLICIT_RETAIN_SELF = YES;
				CLANG_WARN_OBJC_LITERAL_CONVERSION = YES;
				CLANG_WARN_OBJC_ROOT_CLASS = YES_ERROR;
				CLANG_WARN_RANGE_LOOP_ANALYSIS = YES;
				CLANG_WARN_STRICT_PROTOTYPES = YES;
				CLANG_WARN_SUSPICIOUS_MOVE = YES;
				CLANG_WARN_UNGUARDED_AVAILABILITY = YES_AGGRESSIVE;
				CLANG_WARN_UNREACHABLE_CODE = YES;
				CLANG_WARN__DUPLICATE_METHOD_MATCH = YES;
				COPY_PHASE_STRIP = NO;
				DEBUG_INFORMATION_FORMAT = dwarf;
				ENABLE_STRICT_OBJC_MSGSEND = YES;
				ENABLE_TESTABILITY = YES;
				GCC_C_LANGUAGE_STANDARD = gnu11;
				GCC_DYNAMIC_NO_PIC = NO;
				GCC_NO_COMMON_BLOCKS = YES;
				GCC_OPTIMIZATION_LEVEL = 0;
				GCC_PREPROCESSOR_DEFINITIONS = (
					"DEBUG=1",
					"$(inherited)",
				);
				GCC_WARN_64_TO_32_BIT_CONVERSION = YES;
				GCC_WARN_ABOUT_RETURN_TYPE = YES_ERROR;
				GCC_WARN_UNDECLARED_SELECTOR = YES;
				GCC_WARN_UNINITIALIZED_AUTOS = YES_AGGRESSIVE;
				GCC_WARN_UNUSED_FUNCTION = YES;
				GCC_WARN_UNUSED_VARIABLE = YES;
				IPHONEOS_DEPLOYMENT_TARGET = 13.7;
				MTL_ENABLE_DEBUG_INFO = INCLUDE_SOURCE;
				MTL_FAST_MATH = YES;
				ONLY_ACTIVE_ARCH = YES;
				SDKROOT = iphoneos;
				SWIFT_ACTIVE_COMPILATION_CONDITIONS = DEBUG;
				SWIFT_OPTIMIZATION_LEVEL = "-Onone";
			};
			name = Debug;
		};
		4BB85F472506A25800D106CC /* Release */ = {
			isa = XCBuildConfiguration;
			buildSettings = {
				ALWAYS_SEARCH_USER_PATHS = NO;
				CLANG_ANALYZER_NONNULL = YES;
				CLANG_ANALYZER_NUMBER_OBJECT_CONVERSION = YES_AGGRESSIVE;
				CLANG_CXX_LANGUAGE_STANDARD = "gnu++14";
				CLANG_CXX_LIBRARY = "libc++";
				CLANG_ENABLE_MODULES = YES;
				CLANG_ENABLE_OBJC_ARC = YES;
				CLANG_ENABLE_OBJC_WEAK = YES;
				CLANG_WARN_BLOCK_CAPTURE_AUTORELEASING = YES;
				CLANG_WARN_BOOL_CONVERSION = YES;
				CLANG_WARN_COMMA = YES;
				CLANG_WARN_CONSTANT_CONVERSION = YES;
				CLANG_WARN_DEPRECATED_OBJC_IMPLEMENTATIONS = YES;
				CLANG_WARN_DIRECT_OBJC_ISA_USAGE = YES_ERROR;
				CLANG_WARN_DOCUMENTATION_COMMENTS = YES;
				CLANG_WARN_EMPTY_BODY = YES;
				CLANG_WARN_ENUM_CONVERSION = YES;
				CLANG_WARN_INFINITE_RECURSION = YES;
				CLANG_WARN_INT_CONVERSION = YES;
				CLANG_WARN_NON_LITERAL_NULL_CONVERSION = YES;
				CLANG_WARN_OBJC_IMPLICIT_RETAIN_SELF = YES;
				CLANG_WARN_OBJC_LITERAL_CONVERSION = YES;
				CLANG_WARN_OBJC_ROOT_CLASS = YES_ERROR;
				CLANG_WARN_RANGE_LOOP_ANALYSIS = YES;
				CLANG_WARN_STRICT_PROTOTYPES = YES;
				CLANG_WARN_SUSPICIOUS_MOVE = YES;
				CLANG_WARN_UNGUARDED_AVAILABILITY = YES_AGGRESSIVE;
				CLANG_WARN_UNREACHABLE_CODE = YES;
				CLANG_WARN__DUPLICATE_METHOD_MATCH = YES;
				COPY_PHASE_STRIP = NO;
				DEBUG_INFORMATION_FORMAT = "dwarf-with-dsym";
				ENABLE_NS_ASSERTIONS = NO;
				ENABLE_STRICT_OBJC_MSGSEND = YES;
				GCC_C_LANGUAGE_STANDARD = gnu11;
				GCC_NO_COMMON_BLOCKS = YES;
				GCC_WARN_64_TO_32_BIT_CONVERSION = YES;
				GCC_WARN_ABOUT_RETURN_TYPE = YES_ERROR;
				GCC_WARN_UNDECLARED_SELECTOR = YES;
				GCC_WARN_UNINITIALIZED_AUTOS = YES_AGGRESSIVE;
				GCC_WARN_UNUSED_FUNCTION = YES;
				GCC_WARN_UNUSED_VARIABLE = YES;
				IPHONEOS_DEPLOYMENT_TARGET = 13.7;
				MTL_ENABLE_DEBUG_INFO = NO;
				MTL_FAST_MATH = YES;
				SDKROOT = iphoneos;
				SWIFT_COMPILATION_MODE = wholemodule;
				SWIFT_OPTIMIZATION_LEVEL = "-O";
				VALIDATE_PRODUCT = YES;
			};
			name = Release;
		};
		4BB85F492506A25800D106CC /* Debug */ = {
			isa = XCBuildConfiguration;
			baseConfigurationReference = AAB217A3EB3177F6D0BDA95A /* Pods-EATR.debug.xcconfig */;
			buildSettings = {
				ASSETCATALOG_COMPILER_APPICON_NAME = AppIcon;
				CODE_SIGN_ENTITLEMENTS = EATR/EATR.entitlements;
				CODE_SIGN_STYLE = Automatic;
				DEVELOPMENT_TEAM = 4R3M5PR4UZ;
				INFOPLIST_FILE = EATR/Resources/Info.plist;
				LD_RUNPATH_SEARCH_PATHS = (
					"$(inherited)",
					"@executable_path/Frameworks",
				);
				PRODUCT_BUNDLE_IDENTIFIER = com.ianbecker.EATR;
				PRODUCT_NAME = "$(TARGET_NAME)";
				SWIFT_VERSION = 5.0;
				TARGETED_DEVICE_FAMILY = "1,2";
			};
			name = Debug;
		};
		4BB85F4A2506A25800D106CC /* Release */ = {
			isa = XCBuildConfiguration;
			baseConfigurationReference = 11AF9B7420AF1FD199DAED0D /* Pods-EATR.release.xcconfig */;
			buildSettings = {
				ASSETCATALOG_COMPILER_APPICON_NAME = AppIcon;
				CODE_SIGN_ENTITLEMENTS = EATR/EATR.entitlements;
				CODE_SIGN_STYLE = Automatic;
				DEVELOPMENT_TEAM = 4R3M5PR4UZ;
				INFOPLIST_FILE = EATR/Resources/Info.plist;
				LD_RUNPATH_SEARCH_PATHS = (
					"$(inherited)",
					"@executable_path/Frameworks",
				);
				PRODUCT_BUNDLE_IDENTIFIER = com.ianbecker.EATR;
				PRODUCT_NAME = "$(TARGET_NAME)";
				SWIFT_VERSION = 5.0;
				TARGETED_DEVICE_FAMILY = "1,2";
			};
			name = Release;
		};
/* End XCBuildConfiguration section */

/* Begin XCConfigurationList section */
		4BB85F2F2506A25600D106CC /* Build configuration list for PBXProject "EATR" */ = {
			isa = XCConfigurationList;
			buildConfigurations = (
				4BB85F462506A25800D106CC /* Debug */,
				4BB85F472506A25800D106CC /* Release */,
			);
			defaultConfigurationIsVisible = 0;
			defaultConfigurationName = Release;
		};
		4BB85F482506A25800D106CC /* Build configuration list for PBXNativeTarget "EATR" */ = {
			isa = XCConfigurationList;
			buildConfigurations = (
				4BB85F492506A25800D106CC /* Debug */,
				4BB85F4A2506A25800D106CC /* Release */,
			);
			defaultConfigurationIsVisible = 0;
			defaultConfigurationName = Release;
		};
/* End XCConfigurationList section */
	};
	rootObject = 4BB85F2C2506A25600D106CC /* Project object */;
}
